// !$*UTF8*$!
{
	archiveVersion = 1;
	classes = {
	};
	objectVersion = 56;
	objects = {

/* Begin PBXBuildFile section */
		30317737013D33B6683FD63E /* Pods_Daily_News.framework in Frameworks */ = {isa = PBXBuildFile; fileRef = 04B238BFC479230A644EBE3A /* Pods_Daily_News.framework */; };
		8D4B1B032ADCAC68008AD943 /* CompactNewsItemTableViewCell.swift in Sources */ = {isa = PBXBuildFile; fileRef = 8D4B1B022ADCAC68008AD943 /* CompactNewsItemTableViewCell.swift */; };
		8DBCDE172ADF791200279918 /* NewsModel.swift in Sources */ = {isa = PBXBuildFile; fileRef = 8DBCDE162ADF791200279918 /* NewsModel.swift */; };
		8DBCDE1A2ADF7AA300279918 /* Alamofire in Frameworks */ = {isa = PBXBuildFile; productRef = 8DBCDE192ADF7AA300279918 /* Alamofire */; };
		8DBCDE1D2ADFE0A100279918 /* NetworkHelper.swift in Sources */ = {isa = PBXBuildFile; fileRef = 8DBCDE1C2ADFE0A100279918 /* NetworkHelper.swift */; };
		8DBCDE202ADFE0E300279918 /* Constants.swift in Sources */ = {isa = PBXBuildFile; fileRef = 8DBCDE1F2ADFE0E300279918 /* Constants.swift */; };
		8DBCDE222ADFEE3600279918 /* NetworkRequests.swift in Sources */ = {isa = PBXBuildFile; fileRef = 8DBCDE212ADFEE3600279918 /* NetworkRequests.swift */; };
		8DBCDE262ADFFE9A00279918 /* UIViewControllerExt.swift in Sources */ = {isa = PBXBuildFile; fileRef = 8DBCDE252ADFFE9A00279918 /* UIViewControllerExt.swift */; };
		8DBCDE282AE006AA00279918 /* UIImageViewExt.swift in Sources */ = {isa = PBXBuildFile; fileRef = 8DBCDE272AE006AA00279918 /* UIImageViewExt.swift */; };
		8DBCDE2A2AE00BA900279918 /* DateAndTimeUtils.swift in Sources */ = {isa = PBXBuildFile; fileRef = 8DBCDE292AE00BA900279918 /* DateAndTimeUtils.swift */; };
		8DCD88862AD9DD9300DE6098 /* AppDelegate.swift in Sources */ = {isa = PBXBuildFile; fileRef = 8DCD88852AD9DD9300DE6098 /* AppDelegate.swift */; };
		8DCD88882AD9DD9300DE6098 /* SceneDelegate.swift in Sources */ = {isa = PBXBuildFile; fileRef = 8DCD88872AD9DD9300DE6098 /* SceneDelegate.swift */; };
		8DCD888F2AD9DD9400DE6098 /* Assets.xcassets in Resources */ = {isa = PBXBuildFile; fileRef = 8DCD888E2AD9DD9400DE6098 /* Assets.xcassets */; };
		8DCD88922AD9DD9400DE6098 /* LaunchScreen.storyboard in Resources */ = {isa = PBXBuildFile; fileRef = 8DCD88902AD9DD9400DE6098 /* LaunchScreen.storyboard */; };
		8DCD889A2AD9DE8300DE6098 /* HomeViewController.swift in Sources */ = {isa = PBXBuildFile; fileRef = 8DCD88992AD9DE8300DE6098 /* HomeViewController.swift */; };
/* End PBXBuildFile section */

/* Begin PBXFileReference section */
		04B238BFC479230A644EBE3A /* Pods_Daily_News.framework */ = {isa = PBXFileReference; explicitFileType = wrapper.framework; includeInIndex = 0; path = Pods_Daily_News.framework; sourceTree = BUILT_PRODUCTS_DIR; };
		8D4B1B022ADCAC68008AD943 /* CompactNewsItemTableViewCell.swift */ = {isa = PBXFileReference; lastKnownFileType = sourcecode.swift; path = CompactNewsItemTableViewCell.swift; sourceTree = "<group>"; };
		8DBCDE162ADF791200279918 /* NewsModel.swift */ = {isa = PBXFileReference; lastKnownFileType = sourcecode.swift; path = NewsModel.swift; sourceTree = "<group>"; };
		8DBCDE1C2ADFE0A100279918 /* NetworkHelper.swift */ = {isa = PBXFileReference; lastKnownFileType = sourcecode.swift; path = NetworkHelper.swift; sourceTree = "<group>"; };
		8DBCDE1F2ADFE0E300279918 /* Constants.swift */ = {isa = PBXFileReference; lastKnownFileType = sourcecode.swift; path = Constants.swift; sourceTree = "<group>"; };
		8DBCDE212ADFEE3600279918 /* NetworkRequests.swift */ = {isa = PBXFileReference; lastKnownFileType = sourcecode.swift; path = NetworkRequests.swift; sourceTree = "<group>"; };
		8DBCDE252ADFFE9A00279918 /* UIViewControllerExt.swift */ = {isa = PBXFileReference; lastKnownFileType = sourcecode.swift; path = UIViewControllerExt.swift; sourceTree = "<group>"; };
		8DBCDE272AE006AA00279918 /* UIImageViewExt.swift */ = {isa = PBXFileReference; lastKnownFileType = sourcecode.swift; path = UIImageViewExt.swift; sourceTree = "<group>"; };
		8DBCDE292AE00BA900279918 /* DateAndTimeUtils.swift */ = {isa = PBXFileReference; lastKnownFileType = sourcecode.swift; path = DateAndTimeUtils.swift; sourceTree = "<group>"; };
		8DCD88822AD9DD9300DE6098 /* Daily News.app */ = {isa = PBXFileReference; explicitFileType = wrapper.application; includeInIndex = 0; path = "Daily News.app"; sourceTree = BUILT_PRODUCTS_DIR; };
		8DCD88852AD9DD9300DE6098 /* AppDelegate.swift */ = {isa = PBXFileReference; lastKnownFileType = sourcecode.swift; path = AppDelegate.swift; sourceTree = "<group>"; };
		8DCD88872AD9DD9300DE6098 /* SceneDelegate.swift */ = {isa = PBXFileReference; lastKnownFileType = sourcecode.swift; path = SceneDelegate.swift; sourceTree = "<group>"; };
		8DCD888E2AD9DD9400DE6098 /* Assets.xcassets */ = {isa = PBXFileReference; lastKnownFileType = folder.assetcatalog; path = Assets.xcassets; sourceTree = "<group>"; };
		8DCD88912AD9DD9400DE6098 /* Base */ = {isa = PBXFileReference; lastKnownFileType = file.storyboard; name = Base; path = Base.lproj/LaunchScreen.storyboard; sourceTree = "<group>"; };
		8DCD88932AD9DD9400DE6098 /* Info.plist */ = {isa = PBXFileReference; lastKnownFileType = text.plist.xml; path = Info.plist; sourceTree = "<group>"; };
		8DCD88992AD9DE8300DE6098 /* HomeViewController.swift */ = {isa = PBXFileReference; lastKnownFileType = sourcecode.swift; path = HomeViewController.swift; sourceTree = "<group>"; };
		9477283948893322801079E9 /* Pods-Daily News.release.xcconfig */ = {isa = PBXFileReference; includeInIndex = 1; lastKnownFileType = text.xcconfig; name = "Pods-Daily News.release.xcconfig"; path = "Target Support Files/Pods-Daily News/Pods-Daily News.release.xcconfig"; sourceTree = "<group>"; };
		E7330962CD14232C9D0B1A6C /* Pods-Daily News.debug.xcconfig */ = {isa = PBXFileReference; includeInIndex = 1; lastKnownFileType = text.xcconfig; name = "Pods-Daily News.debug.xcconfig"; path = "Target Support Files/Pods-Daily News/Pods-Daily News.debug.xcconfig"; sourceTree = "<group>"; };
/* End PBXFileReference section */

/* Begin PBXFrameworksBuildPhase section */
		8DCD887F2AD9DD9300DE6098 /* Frameworks */ = {
			isa = PBXFrameworksBuildPhase;
			buildActionMask = 2147483647;
			files = (
				8DBCDE1A2ADF7AA300279918 /* Alamofire in Frameworks */,
				30317737013D33B6683FD63E /* Pods_Daily_News.framework in Frameworks */,
			);
			runOnlyForDeploymentPostprocessing = 0;
		};
/* End PBXFrameworksBuildPhase section */

/* Begin PBXGroup section */
		8D4B1B012ADCAC2A008AD943 /* Views */ = {
			isa = PBXGroup;
			children = (
				8D4B1B022ADCAC68008AD943 /* CompactNewsItemTableViewCell.swift */,
			);
			path = Views;
			sourceTree = "<group>";
		};
		8D4B1B042ADCC6BA008AD943 /* Extensions */ = {
			isa = PBXGroup;
			children = (
				8DBCDE252ADFFE9A00279918 /* UIViewControllerExt.swift */,
				8DBCDE272AE006AA00279918 /* UIImageViewExt.swift */,
			);
			path = Extensions;
			sourceTree = "<group>";
		};
		8DBCDE152ADF78FF00279918 /* Model */ = {
			isa = PBXGroup;
			children = (
				8DBCDE162ADF791200279918 /* NewsModel.swift */,
			);
			path = Model;
			sourceTree = "<group>";
		};
		8DBCDE1B2ADFDE8A00279918 /* Network */ = {
			isa = PBXGroup;
			children = (
				8DBCDE1C2ADFE0A100279918 /* NetworkHelper.swift */,
				8DBCDE212ADFEE3600279918 /* NetworkRequests.swift */,
			);
			path = Network;
			sourceTree = "<group>";
		};
		8DBCDE1E2ADFE0D400279918 /* Utils */ = {
			isa = PBXGroup;
			children = (
				8DBCDE1F2ADFE0E300279918 /* Constants.swift */,
				8DBCDE292AE00BA900279918 /* DateAndTimeUtils.swift */,
			);
			path = Utils;
			sourceTree = "<group>";
		};
		8DCD88792AD9DD9300DE6098 = {
			isa = PBXGroup;
			children = (
				8DCD88842AD9DD9300DE6098 /* Daily News */,
				8DCD88832AD9DD9300DE6098 /* Products */,
				B5EC42FD1744DB2AF9D82A12 /* Pods */,
				E5E6C3D347D5B46CBCB5D021 /* Frameworks */,
			);
			sourceTree = "<group>";
		};
		8DCD88832AD9DD9300DE6098 /* Products */ = {
			isa = PBXGroup;
			children = (
				8DCD88822AD9DD9300DE6098 /* Daily News.app */,
			);
			name = Products;
			sourceTree = "<group>";
		};
		8DCD88842AD9DD9300DE6098 /* Daily News */ = {
			isa = PBXGroup;
			children = (
				8DBCDE1E2ADFE0D400279918 /* Utils */,
				8DBCDE1B2ADFDE8A00279918 /* Network */,
				8DBCDE152ADF78FF00279918 /* Model */,
				8D4B1B042ADCC6BA008AD943 /* Extensions */,
				8D4B1B012ADCAC2A008AD943 /* Views */,
				8DCD88852AD9DD9300DE6098 /* AppDelegate.swift */,
				8DCD88872AD9DD9300DE6098 /* SceneDelegate.swift */,
				8DCD889B2AD9FF3A00DE6098 /* ViewControllers */,
				8DCD888E2AD9DD9400DE6098 /* Assets.xcassets */,
				8DCD88902AD9DD9400DE6098 /* LaunchScreen.storyboard */,
				8DCD88932AD9DD9400DE6098 /* Info.plist */,
			);
			path = "Daily News";
			sourceTree = "<group>";
		};
		8DCD889B2AD9FF3A00DE6098 /* ViewControllers */ = {
			isa = PBXGroup;
			children = (
				8DCD88992AD9DE8300DE6098 /* HomeViewController.swift */,
			);
			path = ViewControllers;
			sourceTree = "<group>";
		};
		B5EC42FD1744DB2AF9D82A12 /* Pods */ = {
			isa = PBXGroup;
			children = (
				E7330962CD14232C9D0B1A6C /* Pods-Daily News.debug.xcconfig */,
				9477283948893322801079E9 /* Pods-Daily News.release.xcconfig */,
			);
			path = Pods;
			sourceTree = "<group>";
		};
		E5E6C3D347D5B46CBCB5D021 /* Frameworks */ = {
			isa = PBXGroup;
			children = (
				04B238BFC479230A644EBE3A /* Pods_Daily_News.framework */,
			);
			name = Frameworks;
			sourceTree = "<group>";
		};
/* End PBXGroup section */

/* Begin PBXNativeTarget section */
		8DCD88812AD9DD9300DE6098 /* Daily News */ = {
			isa = PBXNativeTarget;
			buildConfigurationList = 8DCD88962AD9DD9400DE6098 /* Build configuration list for PBXNativeTarget "Daily News" */;
			buildPhases = (
				7B7459F62783E8B9EE248271 /* [CP] Check Pods Manifest.lock */,
				8DCD887E2AD9DD9300DE6098 /* Sources */,
				8DCD887F2AD9DD9300DE6098 /* Frameworks */,
				8DCD88802AD9DD9300DE6098 /* Resources */,
				AEF41F1176491C930B8CD417 /* [CP] Embed Pods Frameworks */,
			);
			buildRules = (
			);
			dependencies = (
			);
			name = "Daily News";
			packageProductDependencies = (
				8DBCDE192ADF7AA300279918 /* Alamofire */,
			);
			productName = "Daily News";
			productReference = 8DCD88822AD9DD9300DE6098 /* Daily News.app */;
			productType = "com.apple.product-type.application";
		};
/* End PBXNativeTarget section */

/* Begin PBXProject section */
		8DCD887A2AD9DD9300DE6098 /* Project object */ = {
			isa = PBXProject;
			attributes = {
				BuildIndependentTargetsInParallel = 1;
				LastSwiftUpdateCheck = 1500;
				LastUpgradeCheck = 1500;
				TargetAttributes = {
					8DCD88812AD9DD9300DE6098 = {
						CreatedOnToolsVersion = 15.0;
					};
				};
			};
			buildConfigurationList = 8DCD887D2AD9DD9300DE6098 /* Build configuration list for PBXProject "Daily News" */;
			compatibilityVersion = "Xcode 14.0";
			developmentRegion = en;
			hasScannedForEncodings = 0;
			knownRegions = (
				en,
				Base,
			);
			mainGroup = 8DCD88792AD9DD9300DE6098;
			packageReferences = (
				8DBCDE182ADF7AA300279918 /* XCRemoteSwiftPackageReference "Alamofire" */,
			);
			productRefGroup = 8DCD88832AD9DD9300DE6098 /* Products */;
			projectDirPath = "";
			projectRoot = "";
			targets = (
				8DCD88812AD9DD9300DE6098 /* Daily News */,
			);
		};
/* End PBXProject section */

/* Begin PBXResourcesBuildPhase section */
		8DCD88802AD9DD9300DE6098 /* Resources */ = {
			isa = PBXResourcesBuildPhase;
			buildActionMask = 2147483647;
			files = (
				8DCD88922AD9DD9400DE6098 /* LaunchScreen.storyboard in Resources */,
				8DCD888F2AD9DD9400DE6098 /* Assets.xcassets in Resources */,
			);
			runOnlyForDeploymentPostprocessing = 0;
		};
/* End PBXResourcesBuildPhase section */

/* Begin PBXShellScriptBuildPhase section */
		7B7459F62783E8B9EE248271 /* [CP] Check Pods Manifest.lock */ = {
			isa = PBXShellScriptBuildPhase;
			buildActionMask = 2147483647;
			files = (
			);
			inputFileListPaths = (
			);
			inputPaths = (
				"${PODS_PODFILE_DIR_PATH}/Podfile.lock",
				"${PODS_ROOT}/Manifest.lock",
			);
			name = "[CP] Check Pods Manifest.lock";
			outputFileListPaths = (
			);
			outputPaths = (
				"$(DERIVED_FILE_DIR)/Pods-Daily News-checkManifestLockResult.txt",
			);
			runOnlyForDeploymentPostprocessing = 0;
			shellPath = /bin/sh;
			shellScript = "diff \"${PODS_PODFILE_DIR_PATH}/Podfile.lock\" \"${PODS_ROOT}/Manifest.lock\" > /dev/null\nif [ $? != 0 ] ; then\n    # print error to STDERR\n    echo \"error: The sandbox is not in sync with the Podfile.lock. Run 'pod install' or update your CocoaPods installation.\" >&2\n    exit 1\nfi\n# This output is used by Xcode 'outputs' to avoid re-running this script phase.\necho \"SUCCESS\" > \"${SCRIPT_OUTPUT_FILE_0}\"\n";
			showEnvVarsInLog = 0;
		};
		AEF41F1176491C930B8CD417 /* [CP] Embed Pods Frameworks */ = {
			isa = PBXShellScriptBuildPhase;
			buildActionMask = 2147483647;
			files = (
			);
			inputFileListPaths = (
				"${PODS_ROOT}/Target Support Files/Pods-Daily News/Pods-Daily News-frameworks-${CONFIGURATION}-input-files.xcfilelist",
			);
			name = "[CP] Embed Pods Frameworks";
			outputFileListPaths = (
				"${PODS_ROOT}/Target Support Files/Pods-Daily News/Pods-Daily News-frameworks-${CONFIGURATION}-output-files.xcfilelist",
			);
			runOnlyForDeploymentPostprocessing = 0;
			shellPath = /bin/sh;
			shellScript = "\"${PODS_ROOT}/Target Support Files/Pods-Daily News/Pods-Daily News-frameworks.sh\"\n";
			showEnvVarsInLog = 0;
		};
/* End PBXShellScriptBuildPhase section */

/* Begin PBXSourcesBuildPhase section */
		8DCD887E2AD9DD9300DE6098 /* Sources */ = {
			isa = PBXSourcesBuildPhase;
			buildActionMask = 2147483647;
			files = (
				8DBCDE1D2ADFE0A100279918 /* NetworkHelper.swift in Sources */,
				8DBCDE172ADF791200279918 /* NewsModel.swift in Sources */,
				8DBCDE2A2AE00BA900279918 /* DateAndTimeUtils.swift in Sources */,
				8D4B1B032ADCAC68008AD943 /* CompactNewsItemTableViewCell.swift in Sources */,
				8DCD88862AD9DD9300DE6098 /* AppDelegate.swift in Sources */,
				8DBCDE282AE006AA00279918 /* UIImageViewExt.swift in Sources */,
				8DBCDE222ADFEE3600279918 /* NetworkRequests.swift in Sources */,
				8DCD88882AD9DD9300DE6098 /* SceneDelegate.swift in Sources */,
				8DCD889A2AD9DE8300DE6098 /* HomeViewController.swift in Sources */,
				8DBCDE262ADFFE9A00279918 /* UIViewControllerExt.swift in Sources */,
				8DBCDE202ADFE0E300279918 /* Constants.swift in Sources */,
			);
			runOnlyForDeploymentPostprocessing = 0;
		};
/* End PBXSourcesBuildPhase section */

/* Begin PBXVariantGroup section */
		8DCD88902AD9DD9400DE6098 /* LaunchScreen.storyboard */ = {
			isa = PBXVariantGroup;
			children = (
				8DCD88912AD9DD9400DE6098 /* Base */,
			);
			name = LaunchScreen.storyboard;
			sourceTree = "<group>";
		};
/* End PBXVariantGroup section */

/* Begin XCBuildConfiguration section */
		8DCD88942AD9DD9400DE6098 /* Debug */ = {
			isa = XCBuildConfiguration;
			buildSettings = {
				ALWAYS_SEARCH_USER_PATHS = NO;
				ASSETCATALOG_COMPILER_GENERATE_SWIFT_ASSET_SYMBOL_EXTENSIONS = YES;
				CLANG_ANALYZER_NONNULL = YES;
				CLANG_ANALYZER_NUMBER_OBJECT_CONVERSION = YES_AGGRESSIVE;
				CLANG_CXX_LANGUAGE_STANDARD = "gnu++20";
				CLANG_ENABLE_MODULES = YES;
				CLANG_ENABLE_OBJC_ARC = YES;
				CLANG_ENABLE_OBJC_WEAK = YES;
				CLANG_WARN_BLOCK_CAPTURE_AUTORELEASING = YES;
				CLANG_WARN_BOOL_CONVERSION = YES;
				CLANG_WARN_COMMA = YES;
				CLANG_WARN_CONSTANT_CONVERSION = YES;
				CLANG_WARN_DEPRECATED_OBJC_IMPLEMENTATIONS = YES;
				CLANG_WARN_DIRECT_OBJC_ISA_USAGE = YES_ERROR;
				CLANG_WARN_DOCUMENTATION_COMMENTS = YES;
				CLANG_WARN_EMPTY_BODY = YES;
				CLANG_WARN_ENUM_CONVERSION = YES;
				CLANG_WARN_INFINITE_RECURSION = YES;
				CLANG_WARN_INT_CONVERSION = YES;
				CLANG_WARN_NON_LITERAL_NULL_CONVERSION = YES;
				CLANG_WARN_OBJC_IMPLICIT_RETAIN_SELF = YES;
				CLANG_WARN_OBJC_LITERAL_CONVERSION = YES;
				CLANG_WARN_OBJC_ROOT_CLASS = YES_ERROR;
				CLANG_WARN_QUOTED_INCLUDE_IN_FRAMEWORK_HEADER = YES;
				CLANG_WARN_RANGE_LOOP_ANALYSIS = YES;
				CLANG_WARN_STRICT_PROTOTYPES = YES;
				CLANG_WARN_SUSPICIOUS_MOVE = YES;
				CLANG_WARN_UNGUARDED_AVAILABILITY = YES_AGGRESSIVE;
				CLANG_WARN_UNREACHABLE_CODE = YES;
				CLANG_WARN__DUPLICATE_METHOD_MATCH = YES;
				COPY_PHASE_STRIP = NO;
				DEBUG_INFORMATION_FORMAT = dwarf;
				ENABLE_STRICT_OBJC_MSGSEND = YES;
				ENABLE_TESTABILITY = YES;
				ENABLE_USER_SCRIPT_SANDBOXING = YES;
				GCC_C_LANGUAGE_STANDARD = gnu17;
				GCC_DYNAMIC_NO_PIC = NO;
				GCC_NO_COMMON_BLOCKS = YES;
				GCC_OPTIMIZATION_LEVEL = 0;
				GCC_PREPROCESSOR_DEFINITIONS = (
					"DEBUG=1",
					"$(inherited)",
				);
				GCC_WARN_64_TO_32_BIT_CONVERSION = YES;
				GCC_WARN_ABOUT_RETURN_TYPE = YES_ERROR;
				GCC_WARN_UNDECLARED_SELECTOR = YES;
				GCC_WARN_UNINITIALIZED_AUTOS = YES_AGGRESSIVE;
				GCC_WARN_UNUSED_FUNCTION = YES;
				GCC_WARN_UNUSED_VARIABLE = YES;
				IPHONEOS_DEPLOYMENT_TARGET = 17.0;
				LOCALIZATION_PREFERS_STRING_CATALOGS = YES;
				MTL_ENABLE_DEBUG_INFO = INCLUDE_SOURCE;
				MTL_FAST_MATH = YES;
				ONLY_ACTIVE_ARCH = YES;
				SDKROOT = iphoneos;
				SWIFT_ACTIVE_COMPILATION_CONDITIONS = "DEBUG $(inherited)";
				SWIFT_OPTIMIZATION_LEVEL = "-Onone";
			};
			name = Debug;
		};
		8DCD88952AD9DD9400DE6098 /* Release */ = {
			isa = XCBuildConfiguration;
			buildSettings = {
				ALWAYS_SEARCH_USER_PATHS = NO;
				ASSETCATALOG_COMPILER_GENERATE_SWIFT_ASSET_SYMBOL_EXTENSIONS = YES;
				CLANG_ANALYZER_NONNULL = YES;
				CLANG_ANALYZER_NUMBER_OBJECT_CONVERSION = YES_AGGRESSIVE;
				CLANG_CXX_LANGUAGE_STANDARD = "gnu++20";
				CLANG_ENABLE_MODULES = YES;
				CLANG_ENABLE_OBJC_ARC = YES;
				CLANG_ENABLE_OBJC_WEAK = YES;
				CLANG_WARN_BLOCK_CAPTURE_AUTORELEASING = YES;
				CLANG_WARN_BOOL_CONVERSION = YES;
				CLANG_WARN_COMMA = YES;
				CLANG_WARN_CONSTANT_CONVERSION = YES;
				CLANG_WARN_DEPRECATED_OBJC_IMPLEMENTATIONS = YES;
				CLANG_WARN_DIRECT_OBJC_ISA_USAGE = YES_ERROR;
				CLANG_WARN_DOCUMENTATION_COMMENTS = YES;
				CLANG_WARN_EMPTY_BODY = YES;
				CLANG_WARN_ENUM_CONVERSION = YES;
				CLANG_WARN_INFINITE_RECURSION = YES;
				CLANG_WARN_INT_CONVERSION = YES;
				CLANG_WARN_NON_LITERAL_NULL_CONVERSION = YES;
				CLANG_WARN_OBJC_IMPLICIT_RETAIN_SELF = YES;
				CLANG_WARN_OBJC_LITERAL_CONVERSION = YES;
				CLANG_WARN_OBJC_ROOT_CLASS = YES_ERROR;
				CLANG_WARN_QUOTED_INCLUDE_IN_FRAMEWORK_HEADER = YES;
				CLANG_WARN_RANGE_LOOP_ANALYSIS = YES;
				CLANG_WARN_STRICT_PROTOTYPES = YES;
				CLANG_WARN_SUSPICIOUS_MOVE = YES;
				CLANG_WARN_UNGUARDED_AVAILABILITY = YES_AGGRESSIVE;
				CLANG_WARN_UNREACHABLE_CODE = YES;
				CLANG_WARN__DUPLICATE_METHOD_MATCH = YES;
				COPY_PHASE_STRIP = NO;
				DEBUG_INFORMATION_FORMAT = "dwarf-with-dsym";
				ENABLE_NS_ASSERTIONS = NO;
				ENABLE_STRICT_OBJC_MSGSEND = YES;
				ENABLE_USER_SCRIPT_SANDBOXING = YES;
				GCC_C_LANGUAGE_STANDARD = gnu17;
				GCC_NO_COMMON_BLOCKS = YES;
				GCC_WARN_64_TO_32_BIT_CONVERSION = YES;
				GCC_WARN_ABOUT_RETURN_TYPE = YES_ERROR;
				GCC_WARN_UNDECLARED_SELECTOR = YES;
				GCC_WARN_UNINITIALIZED_AUTOS = YES_AGGRESSIVE;
				GCC_WARN_UNUSED_FUNCTION = YES;
				GCC_WARN_UNUSED_VARIABLE = YES;
				IPHONEOS_DEPLOYMENT_TARGET = 17.0;
				LOCALIZATION_PREFERS_STRING_CATALOGS = YES;
				MTL_ENABLE_DEBUG_INFO = NO;
				MTL_FAST_MATH = YES;
				SDKROOT = iphoneos;
				SWIFT_COMPILATION_MODE = wholemodule;
				VALIDATE_PRODUCT = YES;
			};
			name = Release;
		};
		8DCD88972AD9DD9400DE6098 /* Debug */ = {
			isa = XCBuildConfiguration;
			baseConfigurationReference = E7330962CD14232C9D0B1A6C /* Pods-Daily News.debug.xcconfig */;
			buildSettings = {
				ASSETCATALOG_COMPILER_APPICON_NAME = AppIcon;
				ASSETCATALOG_COMPILER_GLOBAL_ACCENT_COLOR_NAME = AccentColor;
				CODE_SIGN_STYLE = Automatic;
				CURRENT_PROJECT_VERSION = 1;
				DEVELOPMENT_TEAM = 99GF33BX4Z;
				ENABLE_USER_SCRIPT_SANDBOXING = NO;
				GENERATE_INFOPLIST_FILE = YES;
				INFOPLIST_FILE = "Daily News/Info.plist";
				INFOPLIST_KEY_UIApplicationSupportsIndirectInputEvents = YES;
				INFOPLIST_KEY_UILaunchStoryboardName = LaunchScreen;
				INFOPLIST_KEY_UISupportedInterfaceOrientations_iPad = "UIInterfaceOrientationPortrait UIInterfaceOrientationPortraitUpsideDown UIInterfaceOrientationLandscapeLeft UIInterfaceOrientationLandscapeRight";
				INFOPLIST_KEY_UISupportedInterfaceOrientations_iPhone = "UIInterfaceOrientationPortrait UIInterfaceOrientationLandscapeLeft UIInterfaceOrientationLandscapeRight";
				IPHONEOS_DEPLOYMENT_TARGET = 14.0;
				LD_RUNPATH_SEARCH_PATHS = (
					"$(inherited)",
					"@executable_path/Frameworks",
				);
				MARKETING_VERSION = 1.0;
				PRODUCT_BUNDLE_IDENTIFIER = com.kakyiretechnologies.dailynews;
				PRODUCT_NAME = "$(TARGET_NAME)";
				SWIFT_EMIT_LOC_STRINGS = YES;
				SWIFT_VERSION = 5.0;
				TARGETED_DEVICE_FAMILY = "1,2";
			};
			name = Debug;
		};
		8DCD88982AD9DD9400DE6098 /* Release */ = {
			isa = XCBuildConfiguration;
			baseConfigurationReference = 9477283948893322801079E9 /* Pods-Daily News.release.xcconfig */;
			buildSettings = {
				ASSETCATALOG_COMPILER_APPICON_NAME = AppIcon;
				ASSETCATALOG_COMPILER_GLOBAL_ACCENT_COLOR_NAME = AccentColor;
				CODE_SIGN_STYLE = Automatic;
				CURRENT_PROJECT_VERSION = 1;
				DEVELOPMENT_TEAM = 99GF33BX4Z;
				ENABLE_USER_SCRIPT_SANDBOXING = NO;
				GENERATE_INFOPLIST_FILE = YES;
				INFOPLIST_FILE = "Daily News/Info.plist";
				INFOPLIST_KEY_UIApplicationSupportsIndirectInputEvents = YES;
				INFOPLIST_KEY_UILaunchStoryboardName = LaunchScreen;
				INFOPLIST_KEY_UISupportedInterfaceOrientations_iPad = "UIInterfaceOrientationPortrait UIInterfaceOrientationPortraitUpsideDown UIInterfaceOrientationLandscapeLeft UIInterfaceOrientationLandscapeRight";
				INFOPLIST_KEY_UISupportedInterfaceOrientations_iPhone = "UIInterfaceOrientationPortrait UIInterfaceOrientationLandscapeLeft UIInterfaceOrientationLandscapeRight";
				IPHONEOS_DEPLOYMENT_TARGET = 14.0;
				LD_RUNPATH_SEARCH_PATHS = (
					"$(inherited)",
					"@executable_path/Frameworks",
				);
				MARKETING_VERSION = 1.0;
				PRODUCT_BUNDLE_IDENTIFIER = com.kakyiretechnologies.dailynews;
				PRODUCT_NAME = "$(TARGET_NAME)";
				SWIFT_EMIT_LOC_STRINGS = YES;
				SWIFT_VERSION = 5.0;
				TARGETED_DEVICE_FAMILY = "1,2";
			};
			name = Release;
		};
/* End XCBuildConfiguration section */

/* Begin XCConfigurationList section */
		8DCD887D2AD9DD9300DE6098 /* Build configuration list for PBXProject "Daily News" */ = {
			isa = XCConfigurationList;
			buildConfigurations = (
				8DCD88942AD9DD9400DE6098 /* Debug */,
				8DCD88952AD9DD9400DE6098 /* Release */,
			);
			defaultConfigurationIsVisible = 0;
			defaultConfigurationName = Release;
		};
		8DCD88962AD9DD9400DE6098 /* Build configuration list for PBXNativeTarget "Daily News" */ = {
			isa = XCConfigurationList;
			buildConfigurations = (
				8DCD88972AD9DD9400DE6098 /* Debug */,
				8DCD88982AD9DD9400DE6098 /* Release */,
			);
			defaultConfigurationIsVisible = 0;
			defaultConfigurationName = Release;
		};
/* End XCConfigurationList section */

/* Begin XCRemoteSwiftPackageReference section */
		8DBCDE182ADF7AA300279918 /* XCRemoteSwiftPackageReference "Alamofire" */ = {
			isa = XCRemoteSwiftPackageReference;
			repositoryURL = "https://github.com/Alamofire/Alamofire.git";
			requirement = {
				kind = upToNextMajorVersion;
				minimumVersion = 5.8.0;
			};
		};
/* End XCRemoteSwiftPackageReference section */

/* Begin XCSwiftPackageProductDependency section */
		8DBCDE192ADF7AA300279918 /* Alamofire */ = {
			isa = XCSwiftPackageProductDependency;
			package = 8DBCDE182ADF7AA300279918 /* XCRemoteSwiftPackageReference "Alamofire" */;
			productName = Alamofire;
		};
/* End XCSwiftPackageProductDependency section */
	};
	rootObject = 8DCD887A2AD9DD9300DE6098 /* Project object */;
}
